
Microsoft Visual Studio Solution File, Format Version 11.00
# Visual Studio 2010
Project("{FAE04EC0-301F-11D3-BF4B-00C04F79EFBC}") = "DBFilesClient.NET", "DBFilesClient.NET\DBFilesClient.NET.csproj", "{1DC6FA75-FB06-4395-B27A-52977F58AAEB}"
EndProject
Global
	GlobalSection(SolutionConfigurationPlatforms) = preSolution
		Debug|Any CPU = Debug|Any CPU
		Debug|x86-32 = Debug|x86-32
		Release|Any CPU = Release|Any CPU
		Release|x86-32 = Release|x86-32
	EndGlobalSection
	GlobalSection(ProjectConfigurationPlatforms) = postSolution
		{1DC6FA75-FB06-4395-B27A-52977F58AAEB}.Debug|Any CPU.ActiveCfg = Debug|Any CPU
		{1DC6FA75-FB06-4395-B27A-52977F58AAEB}.Debug|Any CPU.Build.0 = Debug|Any CPU
		{1DC6FA75-FB06-4395-B27A-52977F58AAEB}.Debug|x86-32.ActiveCfg = Debug|x86
		{1DC6FA75-FB06-4395-B27A-52977F58AAEB}.Debug|x86-32.Build.0 = Debug|x86
		{1DC6FA75-FB06-4395-B27A-52977F58AAEB}.Release|Any CPU.ActiveCfg = Release|Any CPU
		{1DC6FA75-FB06-4395-B27A-52977F58AAEB}.Release|Any CPU.Build.0 = Release|Any CPU
		{1DC6FA75-FB06-4395-B27A-52977F58AAEB}.Release|x86-32.ActiveCfg = Release|x86
		{1DC6FA75-FB06-4395-B27A-52977F58AAEB}.Release|x86-32.Build.0 = Release|x86
	EndGlobalSection
	GlobalSection(SolutionProperties) = preSolution
		HideSolutionNode = FALSE
	EndGlobalSection
EndGlobal
